
Microsoft Visual Studio Solution File, Format Version 12.00
# Visual Studio Version 16
VisualStudioVersion = 16.0.30406.217
MinimumVisualStudioVersion = 10.0.40219.1
Project("{FAE04EC0-301F-11D3-BF4B-00C04F79EFBC}") = "AplikasiInputDataMahasiswa", "AplikasiInputDataMahasiswa\AplikasiInputDataMahasiswa.csproj", "{F918964A-2200-4DDF-942A-8D47017036E4}"
EndProject
Global
	GlobalSection(SolutionConfigurationPlatforms) = preSolution
		Debug|Any CPU = Debug|Any CPU
		Release|Any CPU = Release|Any CPU
	EndGlobalSection
	GlobalSection(ProjectConfigurationPlatforms) = postSolution
		{F918964A-2200-4DDF-942A-8D47017036E4}.Debug|Any CPU.ActiveCfg = Debug|Any CPU
		{F918964A-2200-4DDF-942A-8D47017036E4}.Debug|Any CPU.Build.0 = Debug|Any CPU
		{F918964A-2200-4DDF-942A-8D47017036E4}.Release|Any CPU.ActiveCfg = Release|Any CPU
		{F918964A-2200-4DDF-942A-8D47017036E4}.Release|Any CPU.Build.0 = Release|Any CPU
	EndGlobalSection
	GlobalSection(SolutionProperties) = preSolution
		HideSolutionNode = FALSE
	EndGlobalSection
	GlobalSection(ExtensibilityGlobals) = postSolution
		SolutionGuid = {67F628A2-7A55-4B0B-8707-BDF2B43DD356}
	EndGlobalSection
EndGlobal
